// !$*UTF8*$!
{
	archiveVersion = 1;
	classes = {
	};
	objectVersion = 55;
	objects = {

/* Begin PBXBuildFile section */
		FC3DD571280F64C1003DF709 /* AppDelegate.swift in Sources */ = {isa = PBXBuildFile; fileRef = FC3DD570280F64C1003DF709 /* AppDelegate.swift */; };
		FC3DD573280F64C1003DF709 /* SceneDelegate.swift in Sources */ = {isa = PBXBuildFile; fileRef = FC3DD572280F64C1003DF709 /* SceneDelegate.swift */; };
		FC3DD578280F64C1003DF709 /* Main.storyboard in Resources */ = {isa = PBXBuildFile; fileRef = FC3DD576280F64C1003DF709 /* Main.storyboard */; };
		FC3DD57B280F64C1003DF709 /* Hire_Setter.xcdatamodeld in Sources */ = {isa = PBXBuildFile; fileRef = FC3DD579280F64C1003DF709 /* Hire_Setter.xcdatamodeld */; };
		FC3DD57D280F64C3003DF709 /* Assets.xcassets in Resources */ = {isa = PBXBuildFile; fileRef = FC3DD57C280F64C3003DF709 /* Assets.xcassets */; };
		FC3DD580280F64C3003DF709 /* LaunchScreen.storyboard in Resources */ = {isa = PBXBuildFile; fileRef = FC3DD57E280F64C3003DF709 /* LaunchScreen.storyboard */; };
		FC3DD58B280F64C4003DF709 /* Hire_SetterTests.swift in Sources */ = {isa = PBXBuildFile; fileRef = FC3DD58A280F64C4003DF709 /* Hire_SetterTests.swift */; };
		FC3DD595280F64C4003DF709 /* Hire_SetterUITests.swift in Sources */ = {isa = PBXBuildFile; fileRef = FC3DD594280F64C4003DF709 /* Hire_SetterUITests.swift */; };
		FC3DD597280F64C4003DF709 /* Hire_SetterUITestsLaunchTests.swift in Sources */ = {isa = PBXBuildFile; fileRef = FC3DD596280F64C4003DF709 /* Hire_SetterUITestsLaunchTests.swift */; };
		FC3DD5AA280F65A8003DF709 /* HomeViewController.swift in Sources */ = {isa = PBXBuildFile; fileRef = FC3DD5A9280F65A8003DF709 /* HomeViewController.swift */; };
		FC3DD5AE280F6B20003DF709 /* AddSetterViewController.swift in Sources */ = {isa = PBXBuildFile; fileRef = FC3DD5AD280F6B20003DF709 /* AddSetterViewController.swift */; };
		FC3DD5B5280F6EF4003DF709 /* cellHireSetterTableViewCell.swift in Sources */ = {isa = PBXBuildFile; fileRef = FC3DD5B3280F6EF4003DF709 /* cellHireSetterTableViewCell.swift */; };
		FC3DD5B6280F6EF4003DF709 /* cellHireSetterTableViewCell.xib in Resources */ = {isa = PBXBuildFile; fileRef = FC3DD5B4280F6EF4003DF709 /* cellHireSetterTableViewCell.xib */; };
		FC3DD5B9280F7204003DF709 /* HireSetter.swift in Sources */ = {isa = PBXBuildFile; fileRef = FC3DD5B8280F7204003DF709 /* HireSetter.swift */; };
		FC3DD5BB280F750D003DF709 /* HireSetterViewController.swift in Sources */ = {isa = PBXBuildFile; fileRef = FC3DD5BA280F750D003DF709 /* HireSetterViewController.swift */; };
		FC3DD5BD280F75BC003DF709 /* LocalDataBaseManger.swift in Sources */ = {isa = PBXBuildFile; fileRef = FC3DD5BC280F75BC003DF709 /* LocalDataBaseManger.swift */; };
		FC3DD5C0280FA2EC003DF709 /* HireSetterProtocol.swift in Sources */ = {isa = PBXBuildFile; fileRef = FC3DD5BF280FA2EC003DF709 /* HireSetterProtocol.swift */; };
/* End PBXBuildFile section */

/* Begin PBXContainerItemProxy section */
		FC3DD587280F64C4003DF709 /* PBXContainerItemProxy */ = {
			isa = PBXContainerItemProxy;
			containerPortal = FC3DD565280F64C1003DF709 /* Project object */;
			proxyType = 1;
			remoteGlobalIDString = FC3DD56C280F64C1003DF709;
			remoteInfo = "Hire Setter";
		};
		FC3DD591280F64C4003DF709 /* PBXContainerItemProxy */ = {
			isa = PBXContainerItemProxy;
			containerPortal = FC3DD565280F64C1003DF709 /* Project object */;
			proxyType = 1;
			remoteGlobalIDString = FC3DD56C280F64C1003DF709;
			remoteInfo = "Hire Setter";
		};
/* End PBXContainerItemProxy section */

/* Begin PBXFileReference section */
		FC3DD56D280F64C1003DF709 /* Hire Setter.app */ = {isa = PBXFileReference; explicitFileType = wrapper.application; includeInIndex = 0; path = "Hire Setter.app"; sourceTree = BUILT_PRODUCTS_DIR; };
		FC3DD570280F64C1003DF709 /* AppDelegate.swift */ = {isa = PBXFileReference; lastKnownFileType = sourcecode.swift; path = AppDelegate.swift; sourceTree = "<group>"; };
		FC3DD572280F64C1003DF709 /* SceneDelegate.swift */ = {isa = PBXFileReference; lastKnownFileType = sourcecode.swift; path = SceneDelegate.swift; sourceTree = "<group>"; };
		FC3DD577280F64C1003DF709 /* Base */ = {isa = PBXFileReference; lastKnownFileType = file.storyboard; name = Base; path = Base.lproj/Main.storyboard; sourceTree = "<group>"; };
		FC3DD57A280F64C1003DF709 /* Hire_Setter.xcdatamodel */ = {isa = PBXFileReference; lastKnownFileType = wrapper.xcdatamodel; path = Hire_Setter.xcdatamodel; sourceTree = "<group>"; };
		FC3DD57C280F64C3003DF709 /* Assets.xcassets */ = {isa = PBXFileReference; lastKnownFileType = folder.assetcatalog; path = Assets.xcassets; sourceTree = "<group>"; };
		FC3DD57F280F64C3003DF709 /* Base */ = {isa = PBXFileReference; lastKnownFileType = file.storyboard; name = Base; path = Base.lproj/LaunchScreen.storyboard; sourceTree = "<group>"; };
		FC3DD581280F64C3003DF709 /* Info.plist */ = {isa = PBXFileReference; lastKnownFileType = text.plist.xml; path = Info.plist; sourceTree = "<group>"; };
		FC3DD586280F64C4003DF709 /* Hire SetterTests.xctest */ = {isa = PBXFileReference; explicitFileType = wrapper.cfbundle; includeInIndex = 0; path = "Hire SetterTests.xctest"; sourceTree = BUILT_PRODUCTS_DIR; };
		FC3DD58A280F64C4003DF709 /* Hire_SetterTests.swift */ = {isa = PBXFileReference; lastKnownFileType = sourcecode.swift; path = Hire_SetterTests.swift; sourceTree = "<group>"; };
		FC3DD590280F64C4003DF709 /* Hire SetterUITests.xctest */ = {isa = PBXFileReference; explicitFileType = wrapper.cfbundle; includeInIndex = 0; path = "Hire SetterUITests.xctest"; sourceTree = BUILT_PRODUCTS_DIR; };
		FC3DD594280F64C4003DF709 /* Hire_SetterUITests.swift */ = {isa = PBXFileReference; lastKnownFileType = sourcecode.swift; path = Hire_SetterUITests.swift; sourceTree = "<group>"; };
		FC3DD596280F64C4003DF709 /* Hire_SetterUITestsLaunchTests.swift */ = {isa = PBXFileReference; lastKnownFileType = sourcecode.swift; path = Hire_SetterUITestsLaunchTests.swift; sourceTree = "<group>"; };
		FC3DD5A9280F65A8003DF709 /* HomeViewController.swift */ = {isa = PBXFileReference; lastKnownFileType = sourcecode.swift; path = HomeViewController.swift; sourceTree = "<group>"; };
		FC3DD5AD280F6B20003DF709 /* AddSetterViewController.swift */ = {isa = PBXFileReference; lastKnownFileType = sourcecode.swift; path = AddSetterViewController.swift; sourceTree = "<group>"; };
		FC3DD5B3280F6EF4003DF709 /* cellHireSetterTableViewCell.swift */ = {isa = PBXFileReference; lastKnownFileType = sourcecode.swift; path = cellHireSetterTableViewCell.swift; sourceTree = "<group>"; };
		FC3DD5B4280F6EF4003DF709 /* cellHireSetterTableViewCell.xib */ = {isa = PBXFileReference; lastKnownFileType = file.xib; path = cellHireSetterTableViewCell.xib; sourceTree = "<group>"; };
		FC3DD5B8280F7204003DF709 /* HireSetter.swift */ = {isa = PBXFileReference; lastKnownFileType = sourcecode.swift; path = HireSetter.swift; sourceTree = "<group>"; };
		FC3DD5BA280F750D003DF709 /* HireSetterViewController.swift */ = {isa = PBXFileReference; lastKnownFileType = sourcecode.swift; path = HireSetterViewController.swift; sourceTree = "<group>"; };
		FC3DD5BC280F75BC003DF709 /* LocalDataBaseManger.swift */ = {isa = PBXFileReference; lastKnownFileType = sourcecode.swift; path = LocalDataBaseManger.swift; sourceTree = "<group>"; };
		FC3DD5BF280FA2EC003DF709 /* HireSetterProtocol.swift */ = {isa = PBXFileReference; lastKnownFileType = sourcecode.swift; path = HireSetterProtocol.swift; sourceTree = "<group>"; };
/* End PBXFileReference section */

/* Begin PBXFrameworksBuildPhase section */
		FC3DD56A280F64C1003DF709 /* Frameworks */ = {
			isa = PBXFrameworksBuildPhase;
			buildActionMask = 2147483647;
			files = (
			);
			runOnlyForDeploymentPostprocessing = 0;
		};
		FC3DD583280F64C4003DF709 /* Frameworks */ = {
			isa = PBXFrameworksBuildPhase;
			buildActionMask = 2147483647;
			files = (
			);
			runOnlyForDeploymentPostprocessing = 0;
		};
		FC3DD58D280F64C4003DF709 /* Frameworks */ = {
			isa = PBXFrameworksBuildPhase;
			buildActionMask = 2147483647;
			files = (
			);
			runOnlyForDeploymentPostprocessing = 0;
		};
/* End PBXFrameworksBuildPhase section */

/* Begin PBXGroup section */
		FC3DD564280F64C1003DF709 = {
			isa = PBXGroup;
			children = (
				FC3DD56F280F64C1003DF709 /* Hire Setter */,
				FC3DD589280F64C4003DF709 /* Hire SetterTests */,
				FC3DD593280F64C4003DF709 /* Hire SetterUITests */,
				FC3DD56E280F64C1003DF709 /* Products */,
			);
			sourceTree = "<group>";
		};
		FC3DD56E280F64C1003DF709 /* Products */ = {
			isa = PBXGroup;
			children = (
				FC3DD56D280F64C1003DF709 /* Hire Setter.app */,
				FC3DD586280F64C4003DF709 /* Hire SetterTests.xctest */,
				FC3DD590280F64C4003DF709 /* Hire SetterUITests.xctest */,
			);
			name = Products;
			sourceTree = "<group>";
		};
		FC3DD56F280F64C1003DF709 /* Hire Setter */ = {
			isa = PBXGroup;
			children = (
				FC3DD5BE280FA1E0003DF709 /* Protocols */,
				FC3DD5A5280F6520003DF709 /* DataBaseManger */,
				FC3DD5A4280F6510003DF709 /* View Controller */,
				FC3DD5A3280F6502003DF709 /* Views */,
				FC3DD570280F64C1003DF709 /* AppDelegate.swift */,
				FC3DD572280F64C1003DF709 /* SceneDelegate.swift */,
				FC3DD57C280F64C3003DF709 /* Assets.xcassets */,
				FC3DD57E280F64C3003DF709 /* LaunchScreen.storyboard */,
				FC3DD581280F64C3003DF709 /* Info.plist */,
				FC3DD579280F64C1003DF709 /* Hire_Setter.xcdatamodeld */,
			);
			path = "Hire Setter";
			sourceTree = "<group>";
		};
		FC3DD589280F64C4003DF709 /* Hire SetterTests */ = {
			isa = PBXGroup;
			children = (
				FC3DD58A280F64C4003DF709 /* Hire_SetterTests.swift */,
			);
			path = "Hire SetterTests";
			sourceTree = "<group>";
		};
		FC3DD593280F64C4003DF709 /* Hire SetterUITests */ = {
			isa = PBXGroup;
			children = (
				FC3DD594280F64C4003DF709 /* Hire_SetterUITests.swift */,
				FC3DD596280F64C4003DF709 /* Hire_SetterUITestsLaunchTests.swift */,
			);
			path = "Hire SetterUITests";
			sourceTree = "<group>";
		};
		FC3DD5A3280F6502003DF709 /* Views */ = {
			isa = PBXGroup;
			children = (
				FC3DD5B4280F6EF4003DF709 /* cellHireSetterTableViewCell.xib */,
				FC3DD576280F64C1003DF709 /* Main.storyboard */,
			);
			path = Views;
			sourceTree = "<group>";
		};
		FC3DD5A4280F6510003DF709 /* View Controller */ = {
			isa = PBXGroup;
			children = (
				FC3DD5A9280F65A8003DF709 /* HomeViewController.swift */,
				FC3DD5AD280F6B20003DF709 /* AddSetterViewController.swift */,
				FC3DD5B3280F6EF4003DF709 /* cellHireSetterTableViewCell.swift */,
				FC3DD5BA280F750D003DF709 /* HireSetterViewController.swift */,
			);
			path = "View Controller";
			sourceTree = "<group>";
		};
		FC3DD5A5280F6520003DF709 /* DataBaseManger */ = {
			isa = PBXGroup;
			children = (
				FC3DD5B7280F706E003DF709 /* Pojo */,
				FC3DD5A7280F655D003DF709 /* LocalDataBase */,
				FC3DD5A6280F654D003DF709 /* RemoteDataBase */,
			);
			path = DataBaseManger;
			sourceTree = "<group>";
		};
		FC3DD5A6280F654D003DF709 /* RemoteDataBase */ = {
			isa = PBXGroup;
			children = (
			);
			path = RemoteDataBase;
			sourceTree = "<group>";
		};
		FC3DD5A7280F655D003DF709 /* LocalDataBase */ = {
			isa = PBXGroup;
			children = (
				FC3DD5BC280F75BC003DF709 /* LocalDataBaseManger.swift */,
			);
			path = LocalDataBase;
			sourceTree = "<group>";
		};
		FC3DD5B7280F706E003DF709 /* Pojo */ = {
			isa = PBXGroup;
			children = (
				FC3DD5B8280F7204003DF709 /* HireSetter.swift */,
			);
			path = Pojo;
			sourceTree = "<group>";
		};
		FC3DD5BE280FA1E0003DF709 /* Protocols */ = {
			isa = PBXGroup;
			children = (
				FC3DD5BF280FA2EC003DF709 /* HireSetterProtocol.swift */,
			);
			path = Protocols;
			sourceTree = "<group>";
		};
/* End PBXGroup section */

/* Begin PBXNativeTarget section */
		FC3DD56C280F64C1003DF709 /* Hire Setter */ = {
			isa = PBXNativeTarget;
			buildConfigurationList = FC3DD59A280F64C4003DF709 /* Build configuration list for PBXNativeTarget "Hire Setter" */;
			buildPhases = (
				FC3DD569280F64C1003DF709 /* Sources */,
				FC3DD56A280F64C1003DF709 /* Frameworks */,
				FC3DD56B280F64C1003DF709 /* Resources */,
			);
			buildRules = (
			);
			dependencies = (
			);
			name = "Hire Setter";
			productName = "Hire Setter";
			productReference = FC3DD56D280F64C1003DF709 /* Hire Setter.app */;
			productType = "com.apple.product-type.application";
		};
		FC3DD585280F64C4003DF709 /* Hire SetterTests */ = {
			isa = PBXNativeTarget;
			buildConfigurationList = FC3DD59D280F64C4003DF709 /* Build configuration list for PBXNativeTarget "Hire SetterTests" */;
			buildPhases = (
				FC3DD582280F64C4003DF709 /* Sources */,
				FC3DD583280F64C4003DF709 /* Frameworks */,
				FC3DD584280F64C4003DF709 /* Resources */,
			);
			buildRules = (
			);
			dependencies = (
				FC3DD588280F64C4003DF709 /* PBXTargetDependency */,
			);
			name = "Hire SetterTests";
			productName = "Hire SetterTests";
			productReference = FC3DD586280F64C4003DF709 /* Hire SetterTests.xctest */;
			productType = "com.apple.product-type.bundle.unit-test";
		};
		FC3DD58F280F64C4003DF709 /* Hire SetterUITests */ = {
			isa = PBXNativeTarget;
			buildConfigurationList = FC3DD5A0280F64C4003DF709 /* Build configuration list for PBXNativeTarget "Hire SetterUITests" */;
			buildPhases = (
				FC3DD58C280F64C4003DF709 /* Sources */,
				FC3DD58D280F64C4003DF709 /* Frameworks */,
				FC3DD58E280F64C4003DF709 /* Resources */,
			);
			buildRules = (
			);
			dependencies = (
				FC3DD592280F64C4003DF709 /* PBXTargetDependency */,
			);
			name = "Hire SetterUITests";
			productName = "Hire SetterUITests";
			productReference = FC3DD590280F64C4003DF709 /* Hire SetterUITests.xctest */;
			productType = "com.apple.product-type.bundle.ui-testing";
		};
/* End PBXNativeTarget section */

/* Begin PBXProject section */
		FC3DD565280F64C1003DF709 /* Project object */ = {
			isa = PBXProject;
			attributes = {
				BuildIndependentTargetsInParallel = 1;
				LastSwiftUpdateCheck = 1320;
				LastUpgradeCheck = 1320;
				TargetAttributes = {
					FC3DD56C280F64C1003DF709 = {
						CreatedOnToolsVersion = 13.2.1;
					};
					FC3DD585280F64C4003DF709 = {
						CreatedOnToolsVersion = 13.2.1;
						TestTargetID = FC3DD56C280F64C1003DF709;
					};
					FC3DD58F280F64C4003DF709 = {
						CreatedOnToolsVersion = 13.2.1;
						TestTargetID = FC3DD56C280F64C1003DF709;
					};
				};
			};
			buildConfigurationList = FC3DD568280F64C1003DF709 /* Build configuration list for PBXProject "Hire Setter" */;
			compatibilityVersion = "Xcode 13.0";
			developmentRegion = en;
			hasScannedForEncodings = 0;
			knownRegions = (
				en,
				Base,
			);
			mainGroup = FC3DD564280F64C1003DF709;
			productRefGroup = FC3DD56E280F64C1003DF709 /* Products */;
			projectDirPath = "";
			projectRoot = "";
			targets = (
				FC3DD56C280F64C1003DF709 /* Hire Setter */,
				FC3DD585280F64C4003DF709 /* Hire SetterTests */,
				FC3DD58F280F64C4003DF709 /* Hire SetterUITests */,
			);
		};
/* End PBXProject section */

/* Begin PBXResourcesBuildPhase section */
		FC3DD56B280F64C1003DF709 /* Resources */ = {
			isa = PBXResourcesBuildPhase;
			buildActionMask = 2147483647;
			files = (
				FC3DD580280F64C3003DF709 /* LaunchScreen.storyboard in Resources */,
				FC3DD57D280F64C3003DF709 /* Assets.xcassets in Resources */,
				FC3DD5B6280F6EF4003DF709 /* cellHireSetterTableViewCell.xib in Resources */,
				FC3DD578280F64C1003DF709 /* Main.storyboard in Resources */,
			);
			runOnlyForDeploymentPostprocessing = 0;
		};
		FC3DD584280F64C4003DF709 /* Resources */ = {
			isa = PBXResourcesBuildPhase;
			buildActionMask = 2147483647;
			files = (
			);
			runOnlyForDeploymentPostprocessing = 0;
		};
		FC3DD58E280F64C4003DF709 /* Resources */ = {
			isa = PBXResourcesBuildPhase;
			buildActionMask = 2147483647;
			files = (
			);
			runOnlyForDeploymentPostprocessing = 0;
		};
/* End PBXResourcesBuildPhase section */

/* Begin PBXSourcesBuildPhase section */
		FC3DD569280F64C1003DF709 /* Sources */ = {
			isa = PBXSourcesBuildPhase;
			buildActionMask = 2147483647;
			files = (
				FC3DD5AE280F6B20003DF709 /* AddSetterViewController.swift in Sources */,
				FC3DD5AA280F65A8003DF709 /* HomeViewController.swift in Sources */,
				FC3DD5B9280F7204003DF709 /* HireSetter.swift in Sources */,
				FC3DD571280F64C1003DF709 /* AppDelegate.swift in Sources */,
				FC3DD5BD280F75BC003DF709 /* LocalDataBaseManger.swift in Sources */,
				FC3DD57B280F64C1003DF709 /* Hire_Setter.xcdatamodeld in Sources */,
				FC3DD5C0280FA2EC003DF709 /* HireSetterProtocol.swift in Sources */,
				FC3DD5B5280F6EF4003DF709 /* cellHireSetterTableViewCell.swift in Sources */,
				FC3DD573280F64C1003DF709 /* SceneDelegate.swift in Sources */,
				FC3DD5BB280F750D003DF709 /* HireSetterViewController.swift in Sources */,
			);
			runOnlyForDeploymentPostprocessing = 0;
		};
		FC3DD582280F64C4003DF709 /* Sources */ = {
			isa = PBXSourcesBuildPhase;
			buildActionMask = 2147483647;
			files = (
				FC3DD58B280F64C4003DF709 /* Hire_SetterTests.swift in Sources */,
			);
			runOnlyForDeploymentPostprocessing = 0;
		};
		FC3DD58C280F64C4003DF709 /* Sources */ = {
			isa = PBXSourcesBuildPhase;
			buildActionMask = 2147483647;
			files = (
				FC3DD595280F64C4003DF709 /* Hire_SetterUITests.swift in Sources */,
				FC3DD597280F64C4003DF709 /* Hire_SetterUITestsLaunchTests.swift in Sources */,
			);
			runOnlyForDeploymentPostprocessing = 0;
		};
/* End PBXSourcesBuildPhase section */

/* Begin PBXTargetDependency section */
		FC3DD588280F64C4003DF709 /* PBXTargetDependency */ = {
			isa = PBXTargetDependency;
			target = FC3DD56C280F64C1003DF709 /* Hire Setter */;
			targetProxy = FC3DD587280F64C4003DF709 /* PBXContainerItemProxy */;
		};
		FC3DD592280F64C4003DF709 /* PBXTargetDependency */ = {
			isa = PBXTargetDependency;
			target = FC3DD56C280F64C1003DF709 /* Hire Setter */;
			targetProxy = FC3DD591280F64C4003DF709 /* PBXContainerItemProxy */;
		};
/* End PBXTargetDependency section */

/* Begin PBXVariantGroup section */
		FC3DD576280F64C1003DF709 /* Main.storyboard */ = {
			isa = PBXVariantGroup;
			children = (
				FC3DD577280F64C1003DF709 /* Base */,
			);
			name = Main.storyboard;
			sourceTree = "<group>";
		};
		FC3DD57E280F64C3003DF709 /* LaunchScreen.storyboard */ = {
			isa = PBXVariantGroup;
			children = (
				FC3DD57F280F64C3003DF709 /* Base */,
			);
			name = LaunchScreen.storyboard;
			sourceTree = "<group>";
		};
/* End PBXVariantGroup section */

/* Begin XCBuildConfiguration section */
		FC3DD598280F64C4003DF709 /* Debug */ = {
			isa = XCBuildConfiguration;
			buildSettings = {
				ALWAYS_SEARCH_USER_PATHS = NO;
				CLANG_ANALYZER_NONNULL = YES;
				CLANG_ANALYZER_NUMBER_OBJECT_CONVERSION = YES_AGGRESSIVE;
				CLANG_CXX_LANGUAGE_STANDARD = "gnu++17";
				CLANG_CXX_LIBRARY = "libc++";
				CLANG_ENABLE_MODULES = YES;
				CLANG_ENABLE_OBJC_ARC = YES;
				CLANG_ENABLE_OBJC_WEAK = YES;
				CLANG_WARN_BLOCK_CAPTURE_AUTORELEASING = YES;
				CLANG_WARN_BOOL_CONVERSION = YES;
				CLANG_WARN_COMMA = YES;
				CLANG_WARN_CONSTANT_CONVERSION = YES;
				CLANG_WARN_DEPRECATED_OBJC_IMPLEMENTATIONS = YES;
				CLANG_WARN_DIRECT_OBJC_ISA_USAGE = YES_ERROR;
				CLANG_WARN_DOCUMENTATION_COMMENTS = YES;
				CLANG_WARN_EMPTY_BODY = YES;
				CLANG_WARN_ENUM_CONVERSION = YES;
				CLANG_WARN_INFINITE_RECURSION = YES;
				CLANG_WARN_INT_CONVERSION = YES;
				CLANG_WARN_NON_LITERAL_NULL_CONVERSION = YES;
				CLANG_WARN_OBJC_IMPLICIT_RETAIN_SELF = YES;
				CLANG_WARN_OBJC_LITERAL_CONVERSION = YES;
				CLANG_WARN_OBJC_ROOT_CLASS = YES_ERROR;
				CLANG_WARN_QUOTED_INCLUDE_IN_FRAMEWORK_HEADER = YES;
				CLANG_WARN_RANGE_LOOP_ANALYSIS = YES;
				CLANG_WARN_STRICT_PROTOTYPES = YES;
				CLANG_WARN_SUSPICIOUS_MOVE = YES;
				CLANG_WARN_UNGUARDED_AVAILABILITY = YES_AGGRESSIVE;
				CLANG_WARN_UNREACHABLE_CODE = YES;
				CLANG_WARN__DUPLICATE_METHOD_MATCH = YES;
				COPY_PHASE_STRIP = NO;
				DEBUG_INFORMATION_FORMAT = dwarf;
				ENABLE_STRICT_OBJC_MSGSEND = YES;
				ENABLE_TESTABILITY = YES;
				GCC_C_LANGUAGE_STANDARD = gnu11;
				GCC_DYNAMIC_NO_PIC = NO;
				GCC_NO_COMMON_BLOCKS = YES;
				GCC_OPTIMIZATION_LEVEL = 0;
				GCC_PREPROCESSOR_DEFINITIONS = (
					"DEBUG=1",
					"$(inherited)",
				);
				GCC_WARN_64_TO_32_BIT_CONVERSION = YES;
				GCC_WARN_ABOUT_RETURN_TYPE = YES_ERROR;
				GCC_WARN_UNDECLARED_SELECTOR = YES;
				GCC_WARN_UNINITIALIZED_AUTOS = YES_AGGRESSIVE;
				GCC_WARN_UNUSED_FUNCTION = YES;
				GCC_WARN_UNUSED_VARIABLE = YES;
				IPHONEOS_DEPLOYMENT_TARGET = 15.2;
				MTL_ENABLE_DEBUG_INFO = INCLUDE_SOURCE;
				MTL_FAST_MATH = YES;
				ONLY_ACTIVE_ARCH = YES;
				SDKROOT = iphoneos;
				SWIFT_ACTIVE_COMPILATION_CONDITIONS = DEBUG;
				SWIFT_OPTIMIZATION_LEVEL = "-Onone";
			};
			name = Debug;
		};
		FC3DD599280F64C4003DF709 /* Release */ = {
			isa = XCBuildConfiguration;
			buildSettings = {
				ALWAYS_SEARCH_USER_PATHS = NO;
				CLANG_ANALYZER_NONNULL = YES;
				CLANG_ANALYZER_NUMBER_OBJECT_CONVERSION = YES_AGGRESSIVE;
				CLANG_CXX_LANGUAGE_STANDARD = "gnu++17";
				CLANG_CXX_LIBRARY = "libc++";
				CLANG_ENABLE_MODULES = YES;
				CLANG_ENABLE_OBJC_ARC = YES;
				CLANG_ENABLE_OBJC_WEAK = YES;
				CLANG_WARN_BLOCK_CAPTURE_AUTORELEASING = YES;
				CLANG_WARN_BOOL_CONVERSION = YES;
				CLANG_WARN_COMMA = YES;
				CLANG_WARN_CONSTANT_CONVERSION = YES;
				CLANG_WARN_DEPRECATED_OBJC_IMPLEMENTATIONS = YES;
				CLANG_WARN_DIRECT_OBJC_ISA_USAGE = YES_ERROR;
				CLANG_WARN_DOCUMENTATION_COMMENTS = YES;
				CLANG_WARN_EMPTY_BODY = YES;
				CLANG_WARN_ENUM_CONVERSION = YES;
				CLANG_WARN_INFINITE_RECURSION = YES;
				CLANG_WARN_INT_CONVERSION = YES;
				CLANG_WARN_NON_LITERAL_NULL_CONVERSION = YES;
				CLANG_WARN_OBJC_IMPLICIT_RETAIN_SELF = YES;
				CLANG_WARN_OBJC_LITERAL_CONVERSION = YES;
				CLANG_WARN_OBJC_ROOT_CLASS = YES_ERROR;
				CLANG_WARN_QUOTED_INCLUDE_IN_FRAMEWORK_HEADER = YES;
				CLANG_WARN_RANGE_LOOP_ANALYSIS = YES;
				CLANG_WARN_STRICT_PROTOTYPES = YES;
				CLANG_WARN_SUSPICIOUS_MOVE = YES;
				CLANG_WARN_UNGUARDED_AVAILABILITY = YES_AGGRESSIVE;
				CLANG_WARN_UNREACHABLE_CODE = YES;
				CLANG_WARN__DUPLICATE_METHOD_MATCH = YES;
				COPY_PHASE_STRIP = NO;
				DEBUG_INFORMATION_FORMAT = "dwarf-with-dsym";
				ENABLE_NS_ASSERTIONS = NO;
				ENABLE_STRICT_OBJC_MSGSEND = YES;
				GCC_C_LANGUAGE_STANDARD = gnu11;
				GCC_NO_COMMON_BLOCKS = YES;
				GCC_WARN_64_TO_32_BIT_CONVERSION = YES;
				GCC_WARN_ABOUT_RETURN_TYPE = YES_ERROR;
				GCC_WARN_UNDECLARED_SELECTOR = YES;
				GCC_WARN_UNINITIALIZED_AUTOS = YES_AGGRESSIVE;
				GCC_WARN_UNUSED_FUNCTION = YES;
				GCC_WARN_UNUSED_VARIABLE = YES;
				IPHONEOS_DEPLOYMENT_TARGET = 15.2;
				MTL_ENABLE_DEBUG_INFO = NO;
				MTL_FAST_MATH = YES;
				SDKROOT = iphoneos;
				SWIFT_COMPILATION_MODE = wholemodule;
				SWIFT_OPTIMIZATION_LEVEL = "-O";
				VALIDATE_PRODUCT = YES;
			};
			name = Release;
		};
		FC3DD59B280F64C4003DF709 /* Debug */ = {
			isa = XCBuildConfiguration;
			buildSettings = {
				ASSETCATALOG_COMPILER_APPICON_NAME = AppIcon;
				ASSETCATALOG_COMPILER_GLOBAL_ACCENT_COLOR_NAME = AccentColor;
				CODE_SIGN_STYLE = Automatic;
				CURRENT_PROJECT_VERSION = 1;
				GENERATE_INFOPLIST_FILE = YES;
				INFOPLIST_FILE = "Hire Setter/Info.plist";
				INFOPLIST_KEY_UIApplicationSupportsIndirectInputEvents = YES;
				INFOPLIST_KEY_UILaunchStoryboardName = LaunchScreen;
				INFOPLIST_KEY_UIMainStoryboardFile = Main;
				INFOPLIST_KEY_UISupportedInterfaceOrientations_iPad = "UIInterfaceOrientationPortrait UIInterfaceOrientationPortraitUpsideDown UIInterfaceOrientationLandscapeLeft UIInterfaceOrientationLandscapeRight";
				INFOPLIST_KEY_UISupportedInterfaceOrientations_iPhone = "UIInterfaceOrientationPortrait UIInterfaceOrientationLandscapeLeft UIInterfaceOrientationLandscapeRight";
				LD_RUNPATH_SEARCH_PATHS = (
					"$(inherited)",
					"@executable_path/Frameworks",
				);
				MARKETING_VERSION = 1.0;
				PRODUCT_BUNDLE_IDENTIFIER = "Donia.Hire-Setter";
				PRODUCT_NAME = "$(TARGET_NAME)";
				SWIFT_EMIT_LOC_STRINGS = YES;
				SWIFT_VERSION = 5.0;
				TARGETED_DEVICE_FAMILY = "1,2";
			};
			name = Debug;
		};
		FC3DD59C280F64C4003DF709 /* Release */ = {
			isa = XCBuildConfiguration;
			buildSettings = {
				ASSETCATALOG_COMPILER_APPICON_NAME = AppIcon;
				ASSETCATALOG_COMPILER_GLOBAL_ACCENT_COLOR_NAME = AccentColor;
				CODE_SIGN_STYLE = Automatic;
				CURRENT_PROJECT_VERSION = 1;
				GENERATE_INFOPLIST_FILE = YES;
				INFOPLIST_FILE = "Hire Setter/Info.plist";
				INFOPLIST_KEY_UIApplicationSupportsIndirectInputEvents = YES;
				INFOPLIST_KEY_UILaunchStoryboardName = LaunchScreen;
				INFOPLIST_KEY_UIMainStoryboardFile = Main;
				INFOPLIST_KEY_UISupportedInterfaceOrientations_iPad = "UIInterfaceOrientationPortrait UIInterfaceOrientationPortraitUpsideDown UIInterfaceOrientationLandscapeLeft UIInterfaceOrientationLandscapeRight";
				INFOPLIST_KEY_UISupportedInterfaceOrientations_iPhone = "UIInterfaceOrientationPortrait UIInterfaceOrientationLandscapeLeft UIInterfaceOrientationLandscapeRight";
				LD_RUNPATH_SEARCH_PATHS = (
					"$(inherited)",
					"@executable_path/Frameworks",
				);
				MARKETING_VERSION = 1.0;
				PRODUCT_BUNDLE_IDENTIFIER = "Donia.Hire-Setter";
				PRODUCT_NAME = "$(TARGET_NAME)";
				SWIFT_EMIT_LOC_STRINGS = YES;
				SWIFT_VERSION = 5.0;
				TARGETED_DEVICE_FAMILY = "1,2";
			};
			name = Release;
		};
		FC3DD59E280F64C4003DF709 /* Debug */ = {
			isa = XCBuildConfiguration;
			buildSettings = {
				ALWAYS_EMBED_SWIFT_STANDARD_LIBRARIES = YES;
				BUNDLE_LOADER = "$(TEST_HOST)";
				CODE_SIGN_STYLE = Automatic;
				CURRENT_PROJECT_VERSION = 1;
				GENERATE_INFOPLIST_FILE = YES;
				IPHONEOS_DEPLOYMENT_TARGET = 15.2;
				MARKETING_VERSION = 1.0;
				PRODUCT_BUNDLE_IDENTIFIER = "Donia.Hire-SetterTests";
				PRODUCT_NAME = "$(TARGET_NAME)";
				SWIFT_EMIT_LOC_STRINGS = NO;
				SWIFT_VERSION = 5.0;
				TARGETED_DEVICE_FAMILY = "1,2";
				TEST_HOST = "$(BUILT_PRODUCTS_DIR)/Hire Setter.app/Hire Setter";
			};
			name = Debug;
		};
		FC3DD59F280F64C4003DF709 /* Release */ = {
			isa = XCBuildConfiguration;
			buildSettings = {
				ALWAYS_EMBED_SWIFT_STANDARD_LIBRARIES = YES;
				BUNDLE_LOADER = "$(TEST_HOST)";
				CODE_SIGN_STYLE = Automatic;
				CURRENT_PROJECT_VERSION = 1;
				GENERATE_INFOPLIST_FILE = YES;
				IPHONEOS_DEPLOYMENT_TARGET = 15.2;
				MARKETING_VERSION = 1.0;
				PRODUCT_BUNDLE_IDENTIFIER = "Donia.Hire-SetterTests";
				PRODUCT_NAME = "$(TARGET_NAME)";
				SWIFT_EMIT_LOC_STRINGS = NO;
				SWIFT_VERSION = 5.0;
				TARGETED_DEVICE_FAMILY = "1,2";
				TEST_HOST = "$(BUILT_PRODUCTS_DIR)/Hire Setter.app/Hire Setter";
			};
			name = Release;
		};
		FC3DD5A1280F64C4003DF709 /* Debug */ = {
			isa = XCBuildConfiguration;
			buildSettings = {
				ALWAYS_EMBED_SWIFT_STANDARD_LIBRARIES = YES;
				CODE_SIGN_STYLE = Automatic;
				CURRENT_PROJECT_VERSION = 1;
				GENERATE_INFOPLIST_FILE = YES;
				MARKETING_VERSION = 1.0;
				PRODUCT_BUNDLE_IDENTIFIER = "Donia.Hire-SetterUITests";
				PRODUCT_NAME = "$(TARGET_NAME)";
				SWIFT_EMIT_LOC_STRINGS = NO;
				SWIFT_VERSION = 5.0;
				TARGETED_DEVICE_FAMILY = "1,2";
				TEST_TARGET_NAME = "Hire Setter";
			};
			name = Debug;
		};
		FC3DD5A2280F64C4003DF709 /* Release */ = {
			isa = XCBuildConfiguration;
			buildSettings = {
				ALWAYS_EMBED_SWIFT_STANDARD_LIBRARIES = YES;
				CODE_SIGN_STYLE = Automatic;
				CURRENT_PROJECT_VERSION = 1;
				GENERATE_INFOPLIST_FILE = YES;
				MARKETING_VERSION = 1.0;
				PRODUCT_BUNDLE_IDENTIFIER = "Donia.Hire-SetterUITests";
				PRODUCT_NAME = "$(TARGET_NAME)";
				SWIFT_EMIT_LOC_STRINGS = NO;
				SWIFT_VERSION = 5.0;
				TARGETED_DEVICE_FAMILY = "1,2";
				TEST_TARGET_NAME = "Hire Setter";
			};
			name = Release;
		};
/* End XCBuildConfiguration section */

/* Begin XCConfigurationList section */
		FC3DD568280F64C1003DF709 /* Build configuration list for PBXProject "Hire Setter" */ = {
			isa = XCConfigurationList;
			buildConfigurations = (
				FC3DD598280F64C4003DF709 /* Debug */,
				FC3DD599280F64C4003DF709 /* Release */,
			);
			defaultConfigurationIsVisible = 0;
			defaultConfigurationName = Release;
		};
		FC3DD59A280F64C4003DF709 /* Build configuration list for PBXNativeTarget "Hire Setter" */ = {
			isa = XCConfigurationList;
			buildConfigurations = (
				FC3DD59B280F64C4003DF709 /* Debug */,
				FC3DD59C280F64C4003DF709 /* Release */,
			);
			defaultConfigurationIsVisible = 0;
			defaultConfigurationName = Release;
		};
		FC3DD59D280F64C4003DF709 /* Build configuration list for PBXNativeTarget "Hire SetterTests" */ = {
			isa = XCConfigurationList;
			buildConfigurations = (
				FC3DD59E280F64C4003DF709 /* Debug */,
				FC3DD59F280F64C4003DF709 /* Release */,
			);
			defaultConfigurationIsVisible = 0;
			defaultConfigurationName = Release;
		};
		FC3DD5A0280F64C4003DF709 /* Build configuration list for PBXNativeTarget "Hire SetterUITests" */ = {
			isa = XCConfigurationList;
			buildConfigurations = (
				FC3DD5A1280F64C4003DF709 /* Debug */,
				FC3DD5A2280F64C4003DF709 /* Release */,
			);
			defaultConfigurationIsVisible = 0;
			defaultConfigurationName = Release;
		};
/* End XCConfigurationList section */

/* Begin XCVersionGroup section */
		FC3DD579280F64C1003DF709 /* Hire_Setter.xcdatamodeld */ = {
			isa = XCVersionGroup;
			children = (
				FC3DD57A280F64C1003DF709 /* Hire_Setter.xcdatamodel */,
			);
			currentVersion = FC3DD57A280F64C1003DF709 /* Hire_Setter.xcdatamodel */;
			path = Hire_Setter.xcdatamodeld;
			sourceTree = "<group>";
			versionGroupType = wrapper.xcdatamodel;
		};
/* End XCVersionGroup section */
	};
	rootObject = FC3DD565280F64C1003DF709 /* Project object */;
}
